
Microsoft Visual Studio Solution File, Format Version 12.00
# Visual Studio Version 16
VisualStudioVersion = 16.0.29806.167
MinimumVisualStudioVersion = 10.0.40219.1
Project("{9A19103F-16F7-4668-BE54-9A1E7A4F7556}") = "HC.Core.Centre", "HC.Core.Centre\HC.Core.Centre.csproj", "{C193E2A0-C4A2-4FDF-8127-F4273B51BCF4}"
EndProject
Project("{9A19103F-16F7-4668-BE54-9A1E7A4F7556}") = "HC.Common.Tools", "HC.Common.Tools\HC.Common.Tools.csproj", "{EA5394F1-CDA7-4BB3-BB3E-545B65FE51D8}"
EndProject
Project("{FAE04EC0-301F-11D3-BF4B-00C04F79EFBC}") = "HC.Common.Base", "HC.Common.Base\HC.Common.Base.csproj", "{8D7DA490-4CF8-4ABD-83C5-A399B8498550}"
EndProject
Global
	GlobalSection(SolutionConfigurationPlatforms) = preSolution
		Debug|Any CPU = Debug|Any CPU
		Release|Any CPU = Release|Any CPU
	EndGlobalSection
	GlobalSection(ProjectConfigurationPlatforms) = postSolution
		{C193E2A0-C4A2-4FDF-8127-F4273B51BCF4}.Debug|Any CPU.ActiveCfg = Debug|Any CPU
		{C193E2A0-C4A2-4FDF-8127-F4273B51BCF4}.Debug|Any CPU.Build.0 = Debug|Any CPU
		{C193E2A0-C4A2-4FDF-8127-F4273B51BCF4}.Release|Any CPU.ActiveCfg = Release|Any CPU
		{C193E2A0-C4A2-4FDF-8127-F4273B51BCF4}.Release|Any CPU.Build.0 = Release|Any CPU
		{EA5394F1-CDA7-4BB3-BB3E-545B65FE51D8}.Debug|Any CPU.ActiveCfg = Debug|Any CPU
		{EA5394F1-CDA7-4BB3-BB3E-545B65FE51D8}.Debug|Any CPU.Build.0 = Debug|Any CPU
		{EA5394F1-CDA7-4BB3-BB3E-545B65FE51D8}.Release|Any CPU.ActiveCfg = Release|Any CPU
		{EA5394F1-CDA7-4BB3-BB3E-545B65FE51D8}.Release|Any CPU.Build.0 = Release|Any CPU
		{8D7DA490-4CF8-4ABD-83C5-A399B8498550}.Debug|Any CPU.ActiveCfg = Debug|Any CPU
		{8D7DA490-4CF8-4ABD-83C5-A399B8498550}.Debug|Any CPU.Build.0 = Debug|Any CPU
		{8D7DA490-4CF8-4ABD-83C5-A399B8498550}.Release|Any CPU.ActiveCfg = Release|Any CPU
		{8D7DA490-4CF8-4ABD-83C5-A399B8498550}.Release|Any CPU.Build.0 = Release|Any CPU
	EndGlobalSection
	GlobalSection(SolutionProperties) = preSolution
		HideSolutionNode = FALSE
	EndGlobalSection
	GlobalSection(ExtensibilityGlobals) = postSolution
		SolutionGuid = {9E0F0D31-CEF9-460D-9E73-9725B2D33358}
	EndGlobalSection
EndGlobal
